
Microsoft Visual Studio Solution File, Format Version 12.00
# Visual Studio 15
VisualStudioVersion = 15.0.27703.2018
MinimumVisualStudioVersion = 10.0.40219.1
Project("{8BC9CEB8-8B4A-11D0-8D11-00A0C91BC942}") = "GateTypeValidator", "GateTypeValidator\GateTypeValidator.vcxproj", "{E17B61FB-045C-49BE-A37D-35F8A7E4407F}"
EndProject
Project("{8BC9CEB8-8B4A-11D0-8D11-00A0C91BC942}") = "GetMatrix", "GetMatrix\GetMatrix.vcxproj", "{639F338C-4638-4726-83B7-F94FBA9AA454}"
EndProject
Project("{8BC9CEB8-8B4A-11D0-8D11-00A0C91BC942}") = "Measure", "Measure\Measure.vcxproj", "{75E45751-AF64-4679-9A24-A58CBC90C576}"
EndProject
Project("{8BC9CEB8-8B4A-11D0-8D11-00A0C91BC942}") = "OriginIRToQProg", "OriginIRToQProg\OriginIRToQProg.vcxproj", "{E17CAEE9-5517-4720-B0AA-AC6203262D00}"
EndProject
Project("{8BC9CEB8-8B4A-11D0-8D11-00A0C91BC942}") = "PMeasure", "PMeasure\PMeasure.vcxproj", "{E1B8C28E-8C04-45DD-9003-D520F8323808}"
EndProject
Project("{8BC9CEB8-8B4A-11D0-8D11-00A0C91BC942}") = "QCircuit", "QCircuit\QCircuit.vcxproj", "{34E9844D-FF9B-4D54-8E11-3C864549EE03}"
EndProject
Project("{8BC9CEB8-8B4A-11D0-8D11-00A0C91BC942}") = "QGate", "QGate\QGate.vcxproj", "{16E371F7-46E9-4834-9CF0-1A96BB20F5C0}"
EndProject
Project("{8BC9CEB8-8B4A-11D0-8D11-00A0C91BC942}") = "QGateCounter", "QGateCounter\QGateCounter.vcxproj", "{3D560802-D1FF-46AF-85B3-09A9DAA56BA5}"
EndProject
Project("{8BC9CEB8-8B4A-11D0-8D11-00A0C91BC942}") = "QIf", "QIf\QIf.vcxproj", "{1C5E87B3-F641-41BF-BA0F-82F4EF056C49}"
EndProject
Project("{8BC9CEB8-8B4A-11D0-8D11-00A0C91BC942}") = "QProg", "QProg\QProg.vcxproj", "{306E81EB-D50B-469D-95DF-94FD1CCA6314}"
EndProject
Project("{8BC9CEB8-8B4A-11D0-8D11-00A0C91BC942}") = "QProgClockCycle", "QProgClockCycle\QProgClockCycle.vcxproj", "{25A5EF81-309E-43E8-8F0A-DEBA29C753F3}"
EndProject
Project("{8BC9CEB8-8B4A-11D0-8D11-00A0C91BC942}") = "QProgDataParse", "QProgDataParse\QProgDataParse.vcxproj", "{EDB4585D-7AFF-4E74-8488-8B943CCB60C2}"
EndProject
Project("{8BC9CEB8-8B4A-11D0-8D11-00A0C91BC942}") = "QProgStored", "QProgStored\QProgStored.vcxproj", "{B12514FD-3A35-456B-8F1C-3E63B4E8A517}"
EndProject
Project("{8BC9CEB8-8B4A-11D0-8D11-00A0C91BC942}") = "QProgToOriginIR", "QProgToOriginIR\QProgToOriginIR.vcxproj", "{A5290C6A-3205-4EB9-B0F7-BADC674EC931}"
EndProject
Project("{8BC9CEB8-8B4A-11D0-8D11-00A0C91BC942}") = "QProgToQASM", "QProgToQASM\QProgToQASM.vcxproj", "{FE948910-5F7F-4ABE-A85C-281BFE4053F5}"
EndProject
Project("{8BC9CEB8-8B4A-11D0-8D11-00A0C91BC942}") = "QProgToQuil", "QProgToQuil\QProgToQuil.vcxproj", "{A43E7333-870E-4257-9350-EA90B82DEC03}"
EndProject
Project("{8BC9CEB8-8B4A-11D0-8D11-00A0C91BC942}") = "QWhile", "QWhile\QWhile.vcxproj", "{E774994C-6D19-4CC7-946F-EA98C1F00264}"
EndProject
Project("{8BC9CEB8-8B4A-11D0-8D11-00A0C91BC942}") = "QGateCompare", "QGateCompare\QGateCompare.vcxproj", "{CB25CAFF-920B-4CC2-BF92-D5CCB7833159}"
EndProject
Project("{8BC9CEB8-8B4A-11D0-8D11-00A0C91BC942}") = "QASMToQProg", "QASMToQProg\QASMToQProg.vcxproj", "{4F388C6E-30FE-4CF7-8843-DF3DE7057A83}"
EndProject
Project("{8BC9CEB8-8B4A-11D0-8D11-00A0C91BC942}") = "QubitPool", "QubitPool\QubitPool.vcxproj", "{451FD126-2948-4328-BEB5-156218A944C2}"
EndProject
Project("{8BC9CEB8-8B4A-11D0-8D11-00A0C91BC942}") = "CrossEntropyBenchmarking", "CrossEntropyBenchmarking\CrossEntropyBenchmarking.vcxproj", "{2137554A-2C07-4D35-A6D9-EE787922FF3E}"
EndProject
Project("{8BC9CEB8-8B4A-11D0-8D11-00A0C91BC942}") = "QGateValidity", "QGateValidity\QGateValidity.vcxproj", "{AEDBF526-009E-4DA8-A084-93F34AA11D26}"
EndProject
Project("{8BC9CEB8-8B4A-11D0-8D11-00A0C91BC942}") = "QCircuitInfo", "QCircuitInfo\QCircuitInfo.vcxproj", "{02A32237-0499-4EB7-895D-2040A2826947}"
EndProject
Project("{8BC9CEB8-8B4A-11D0-8D11-00A0C91BC942}") = "DrawQProg", "DrawQProg\DrawQProg.vcxproj", "{59790393-AFD3-43B9-9392-0140239FA283}"
EndProject
Project("{8BC9CEB8-8B4A-11D0-8D11-00A0C91BC942}") = "QuantumVolume", "QuantumVolume\QuantumVolume.vcxproj", "{82143BC6-48E6-4D78-8F0B-2B27FABE5353}"
EndProject
Project("{8BC9CEB8-8B4A-11D0-8D11-00A0C91BC942}") = "RandomizedBenchmarking", "RandomizedBenchmarking\RandomizedBenchmarking.vcxproj", "{431CE643-359F-4E00-82FA-37340223E4A6}"
EndProject
Project("{8BC9CEB8-8B4A-11D0-8D11-00A0C91BC942}") = "QCodarMatch", "QCodarMatch\QCodarMatch.vcxproj", "{A3AE9C85-3501-4827-A3D3-88B1A0B85A7B}"
EndProject
Project("{8BC9CEB8-8B4A-11D0-8D11-00A0C91BC942}") = "FillQProgByI", "FillQProgByI\FillQProgByI.vcxproj", "{D8E15AB2-8F81-4CDF-B5EA-BE73D3A75FD6}"
EndProject
Project("{8BC9CEB8-8B4A-11D0-8D11-00A0C91BC942}") = "MatrixDecompostion", "MatrixDecompostion\MatrixDecompostion.vcxproj", "{0FD58DDB-9DCF-4D6D-8138-FEC540D54791}"
EndProject
Project("{8BC9CEB8-8B4A-11D0-8D11-00A0C91BC942}") = "PauliOperator", "PauliOperator\PauliOperator.vcxproj", "{2C7BA16C-9AFD-4CB6-9CEA-63D148C6B93D}"
EndProject
Project("{8BC9CEB8-8B4A-11D0-8D11-00A0C91BC942}") = "FermionOperator", "FermionOperator\FermionOperator.vcxproj", "{3A05C3CD-C8E0-40F4-80A5-B22E3AB088AC}"
EndProject
Project("{8BC9CEB8-8B4A-11D0-8D11-00A0C91BC942}") = "Var", "Var\Var.vcxproj", "{641D3F1E-3295-4159-B22D-375AC7DF3502}"
EndProject
Project("{8BC9CEB8-8B4A-11D0-8D11-00A0C91BC942}") = "VQG", "VQG\VQG.vcxproj", "{3B66CD9C-940D-46CD-B8E6-CFE88EB2EA58}"
EndProject
Project("{8BC9CEB8-8B4A-11D0-8D11-00A0C91BC942}") = "VQC", "VQC\VQC.vcxproj", "{D7C153BD-E6DF-427B-B2C3-766D59318376}"
EndProject
Project("{8BC9CEB8-8B4A-11D0-8D11-00A0C91BC942}") = "GradientOptimizer", "GradientOptimizer\GradientOptimizer.vcxproj", "{AB6A97B1-8C2B-42AD-A4A6-697A04EC1B13}"
EndProject
Project("{8BC9CEB8-8B4A-11D0-8D11-00A0C91BC942}") = "QFT", "QFT\QFT.vcxproj", "{8659F80C-95FB-4FAC-9B26-AB49034C369B}"
EndProject
Project("{8BC9CEB8-8B4A-11D0-8D11-00A0C91BC942}") = "QPE", "QPE\QPE.vcxproj", "{9E284001-52E8-4098-8947-8A5D9DE61A8F}"
EndProject
Project("{8BC9CEB8-8B4A-11D0-8D11-00A0C91BC942}") = "QArithmetic", "QArithmetic\QArithmetic.vcxproj", "{73F5F5AA-B520-4253-A26E-62D3E139B12C}"
EndProject
Project("{8BC9CEB8-8B4A-11D0-8D11-00A0C91BC942}") = "Grover", "Grover\Grover.vcxproj", "{D81B5B39-E0C1-4327-AF4F-236D22E91A8A}"
EndProject
Project("{8BC9CEB8-8B4A-11D0-8D11-00A0C91BC942}") = "Shor", "Shor\Shor.vcxproj", "{D0E11530-B94E-42DC-A5FA-D4982AF6A442}"
EndProject
Project("{8BC9CEB8-8B4A-11D0-8D11-00A0C91BC942}") = "QITE", "QITE\QITE.vcxproj", "{436FCC82-B48F-4001-85B9-CDB4ACD6018E}"
EndProject
Global
	GlobalSection(SolutionConfigurationPlatforms) = preSolution
		Debug|x64 = Debug|x64
		Debug|x86 = Debug|x86
		Release|x64 = Release|x64
		Release|x86 = Release|x86
	EndGlobalSection
	GlobalSection(ProjectConfigurationPlatforms) = postSolution
		{E17B61FB-045C-49BE-A37D-35F8A7E4407F}.Debug|x64.ActiveCfg = Debug|x64
		{E17B61FB-045C-49BE-A37D-35F8A7E4407F}.Debug|x64.Build.0 = Debug|x64
		{E17B61FB-045C-49BE-A37D-35F8A7E4407F}.Debug|x86.ActiveCfg = Debug|Win32
		{E17B61FB-045C-49BE-A37D-35F8A7E4407F}.Debug|x86.Build.0 = Debug|Win32
		{E17B61FB-045C-49BE-A37D-35F8A7E4407F}.Release|x64.ActiveCfg = Release|x64
		{E17B61FB-045C-49BE-A37D-35F8A7E4407F}.Release|x64.Build.0 = Release|x64
		{E17B61FB-045C-49BE-A37D-35F8A7E4407F}.Release|x86.ActiveCfg = Release|Win32
		{E17B61FB-045C-49BE-A37D-35F8A7E4407F}.Release|x86.Build.0 = Release|Win32
		{639F338C-4638-4726-83B7-F94FBA9AA454}.Debug|x64.ActiveCfg = Debug|x64
		{639F338C-4638-4726-83B7-F94FBA9AA454}.Debug|x64.Build.0 = Debug|x64
		{639F338C-4638-4726-83B7-F94FBA9AA454}.Debug|x86.ActiveCfg = Debug|Win32
		{639F338C-4638-4726-83B7-F94FBA9AA454}.Debug|x86.Build.0 = Debug|Win32
		{639F338C-4638-4726-83B7-F94FBA9AA454}.Release|x64.ActiveCfg = Release|x64
		{639F338C-4638-4726-83B7-F94FBA9AA454}.Release|x64.Build.0 = Release|x64
		{639F338C-4638-4726-83B7-F94FBA9AA454}.Release|x86.ActiveCfg = Release|Win32
		{639F338C-4638-4726-83B7-F94FBA9AA454}.Release|x86.Build.0 = Release|Win32
		{75E45751-AF64-4679-9A24-A58CBC90C576}.Debug|x64.ActiveCfg = Debug|x64
		{75E45751-AF64-4679-9A24-A58CBC90C576}.Debug|x64.Build.0 = Debug|x64
		{75E45751-AF64-4679-9A24-A58CBC90C576}.Debug|x86.ActiveCfg = Debug|Win32
		{75E45751-AF64-4679-9A24-A58CBC90C576}.Debug|x86.Build.0 = Debug|Win32
		{75E45751-AF64-4679-9A24-A58CBC90C576}.Release|x64.ActiveCfg = Release|x64
		{75E45751-AF64-4679-9A24-A58CBC90C576}.Release|x64.Build.0 = Release|x64
		{75E45751-AF64-4679-9A24-A58CBC90C576}.Release|x86.ActiveCfg = Release|Win32
		{75E45751-AF64-4679-9A24-A58CBC90C576}.Release|x86.Build.0 = Release|Win32
		{E17CAEE9-5517-4720-B0AA-AC6203262D00}.Debug|x64.ActiveCfg = Debug|x64
		{E17CAEE9-5517-4720-B0AA-AC6203262D00}.Debug|x64.Build.0 = Debug|x64
		{E17CAEE9-5517-4720-B0AA-AC6203262D00}.Debug|x86.ActiveCfg = Debug|Win32
		{E17CAEE9-5517-4720-B0AA-AC6203262D00}.Debug|x86.Build.0 = Debug|Win32
		{E17CAEE9-5517-4720-B0AA-AC6203262D00}.Release|x64.ActiveCfg = Release|x64
		{E17CAEE9-5517-4720-B0AA-AC6203262D00}.Release|x64.Build.0 = Release|x64
		{E17CAEE9-5517-4720-B0AA-AC6203262D00}.Release|x86.ActiveCfg = Release|Win32
		{E17CAEE9-5517-4720-B0AA-AC6203262D00}.Release|x86.Build.0 = Release|Win32
		{E1B8C28E-8C04-45DD-9003-D520F8323808}.Debug|x64.ActiveCfg = Debug|x64
		{E1B8C28E-8C04-45DD-9003-D520F8323808}.Debug|x64.Build.0 = Debug|x64
		{E1B8C28E-8C04-45DD-9003-D520F8323808}.Debug|x86.ActiveCfg = Debug|Win32
		{E1B8C28E-8C04-45DD-9003-D520F8323808}.Debug|x86.Build.0 = Debug|Win32
		{E1B8C28E-8C04-45DD-9003-D520F8323808}.Release|x64.ActiveCfg = Release|x64
		{E1B8C28E-8C04-45DD-9003-D520F8323808}.Release|x64.Build.0 = Release|x64
		{E1B8C28E-8C04-45DD-9003-D520F8323808}.Release|x86.ActiveCfg = Release|Win32
		{E1B8C28E-8C04-45DD-9003-D520F8323808}.Release|x86.Build.0 = Release|Win32
		{34E9844D-FF9B-4D54-8E11-3C864549EE03}.Debug|x64.ActiveCfg = Debug|x64
		{34E9844D-FF9B-4D54-8E11-3C864549EE03}.Debug|x64.Build.0 = Debug|x64
		{34E9844D-FF9B-4D54-8E11-3C864549EE03}.Debug|x86.ActiveCfg = Debug|Win32
		{34E9844D-FF9B-4D54-8E11-3C864549EE03}.Debug|x86.Build.0 = Debug|Win32
		{34E9844D-FF9B-4D54-8E11-3C864549EE03}.Release|x64.ActiveCfg = Release|x64
		{34E9844D-FF9B-4D54-8E11-3C864549EE03}.Release|x64.Build.0 = Release|x64
		{34E9844D-FF9B-4D54-8E11-3C864549EE03}.Release|x86.ActiveCfg = Release|Win32
		{34E9844D-FF9B-4D54-8E11-3C864549EE03}.Release|x86.Build.0 = Release|Win32
		{16E371F7-46E9-4834-9CF0-1A96BB20F5C0}.Debug|x64.ActiveCfg = Debug|x64
		{16E371F7-46E9-4834-9CF0-1A96BB20F5C0}.Debug|x64.Build.0 = Debug|x64
		{16E371F7-46E9-4834-9CF0-1A96BB20F5C0}.Debug|x86.ActiveCfg = Debug|Win32
		{16E371F7-46E9-4834-9CF0-1A96BB20F5C0}.Debug|x86.Build.0 = Debug|Win32
		{16E371F7-46E9-4834-9CF0-1A96BB20F5C0}.Release|x64.ActiveCfg = Release|x64
		{16E371F7-46E9-4834-9CF0-1A96BB20F5C0}.Release|x64.Build.0 = Release|x64
		{16E371F7-46E9-4834-9CF0-1A96BB20F5C0}.Release|x86.ActiveCfg = Release|Win32
		{16E371F7-46E9-4834-9CF0-1A96BB20F5C0}.Release|x86.Build.0 = Release|Win32
		{3D560802-D1FF-46AF-85B3-09A9DAA56BA5}.Debug|x64.ActiveCfg = Debug|x64
		{3D560802-D1FF-46AF-85B3-09A9DAA56BA5}.Debug|x64.Build.0 = Debug|x64
		{3D560802-D1FF-46AF-85B3-09A9DAA56BA5}.Debug|x86.ActiveCfg = Debug|Win32
		{3D560802-D1FF-46AF-85B3-09A9DAA56BA5}.Debug|x86.Build.0 = Debug|Win32
		{3D560802-D1FF-46AF-85B3-09A9DAA56BA5}.Release|x64.ActiveCfg = Release|x64
		{3D560802-D1FF-46AF-85B3-09A9DAA56BA5}.Release|x64.Build.0 = Release|x64
		{3D560802-D1FF-46AF-85B3-09A9DAA56BA5}.Release|x86.ActiveCfg = Release|Win32
		{3D560802-D1FF-46AF-85B3-09A9DAA56BA5}.Release|x86.Build.0 = Release|Win32
		{1C5E87B3-F641-41BF-BA0F-82F4EF056C49}.Debug|x64.ActiveCfg = Debug|x64
		{1C5E87B3-F641-41BF-BA0F-82F4EF056C49}.Debug|x64.Build.0 = Debug|x64
		{1C5E87B3-F641-41BF-BA0F-82F4EF056C49}.Debug|x86.ActiveCfg = Debug|Win32
		{1C5E87B3-F641-41BF-BA0F-82F4EF056C49}.Debug|x86.Build.0 = Debug|Win32
		{1C5E87B3-F641-41BF-BA0F-82F4EF056C49}.Release|x64.ActiveCfg = Release|x64
		{1C5E87B3-F641-41BF-BA0F-82F4EF056C49}.Release|x64.Build.0 = Release|x64
		{1C5E87B3-F641-41BF-BA0F-82F4EF056C49}.Release|x86.ActiveCfg = Release|Win32
		{1C5E87B3-F641-41BF-BA0F-82F4EF056C49}.Release|x86.Build.0 = Release|Win32
		{306E81EB-D50B-469D-95DF-94FD1CCA6314}.Debug|x64.ActiveCfg = Debug|x64
		{306E81EB-D50B-469D-95DF-94FD1CCA6314}.Debug|x64.Build.0 = Debug|x64
		{306E81EB-D50B-469D-95DF-94FD1CCA6314}.Debug|x86.ActiveCfg = Debug|Win32
		{306E81EB-D50B-469D-95DF-94FD1CCA6314}.Debug|x86.Build.0 = Debug|Win32
		{306E81EB-D50B-469D-95DF-94FD1CCA6314}.Release|x64.ActiveCfg = Release|x64
		{306E81EB-D50B-469D-95DF-94FD1CCA6314}.Release|x64.Build.0 = Release|x64
		{306E81EB-D50B-469D-95DF-94FD1CCA6314}.Release|x86.ActiveCfg = Release|Win32
		{306E81EB-D50B-469D-95DF-94FD1CCA6314}.Release|x86.Build.0 = Release|Win32
		{25A5EF81-309E-43E8-8F0A-DEBA29C753F3}.Debug|x64.ActiveCfg = Debug|x64
		{25A5EF81-309E-43E8-8F0A-DEBA29C753F3}.Debug|x64.Build.0 = Debug|x64
		{25A5EF81-309E-43E8-8F0A-DEBA29C753F3}.Debug|x86.ActiveCfg = Debug|Win32
		{25A5EF81-309E-43E8-8F0A-DEBA29C753F3}.Debug|x86.Build.0 = Debug|Win32
		{25A5EF81-309E-43E8-8F0A-DEBA29C753F3}.Release|x64.ActiveCfg = Release|x64
		{25A5EF81-309E-43E8-8F0A-DEBA29C753F3}.Release|x64.Build.0 = Release|x64
		{25A5EF81-309E-43E8-8F0A-DEBA29C753F3}.Release|x86.ActiveCfg = Release|Win32
		{25A5EF81-309E-43E8-8F0A-DEBA29C753F3}.Release|x86.Build.0 = Release|Win32
		{EDB4585D-7AFF-4E74-8488-8B943CCB60C2}.Debug|x64.ActiveCfg = Debug|x64
		{EDB4585D-7AFF-4E74-8488-8B943CCB60C2}.Debug|x64.Build.0 = Debug|x64
		{EDB4585D-7AFF-4E74-8488-8B943CCB60C2}.Debug|x86.ActiveCfg = Debug|Win32
		{EDB4585D-7AFF-4E74-8488-8B943CCB60C2}.Debug|x86.Build.0 = Debug|Win32
		{EDB4585D-7AFF-4E74-8488-8B943CCB60C2}.Release|x64.ActiveCfg = Release|x64
		{EDB4585D-7AFF-4E74-8488-8B943CCB60C2}.Release|x64.Build.0 = Release|x64
		{EDB4585D-7AFF-4E74-8488-8B943CCB60C2}.Release|x86.ActiveCfg = Release|Win32
		{EDB4585D-7AFF-4E74-8488-8B943CCB60C2}.Release|x86.Build.0 = Release|Win32
		{B12514FD-3A35-456B-8F1C-3E63B4E8A517}.Debug|x64.ActiveCfg = Debug|x64
		{B12514FD-3A35-456B-8F1C-3E63B4E8A517}.Debug|x64.Build.0 = Debug|x64
		{B12514FD-3A35-456B-8F1C-3E63B4E8A517}.Debug|x86.ActiveCfg = Debug|Win32
		{B12514FD-3A35-456B-8F1C-3E63B4E8A517}.Debug|x86.Build.0 = Debug|Win32
		{B12514FD-3A35-456B-8F1C-3E63B4E8A517}.Release|x64.ActiveCfg = Release|x64
		{B12514FD-3A35-456B-8F1C-3E63B4E8A517}.Release|x64.Build.0 = Release|x64
		{B12514FD-3A35-456B-8F1C-3E63B4E8A517}.Release|x86.ActiveCfg = Release|Win32
		{B12514FD-3A35-456B-8F1C-3E63B4E8A517}.Release|x86.Build.0 = Release|Win32
		{A5290C6A-3205-4EB9-B0F7-BADC674EC931}.Debug|x64.ActiveCfg = Debug|x64
		{A5290C6A-3205-4EB9-B0F7-BADC674EC931}.Debug|x64.Build.0 = Debug|x64
		{A5290C6A-3205-4EB9-B0F7-BADC674EC931}.Debug|x86.ActiveCfg = Debug|Win32
		{A5290C6A-3205-4EB9-B0F7-BADC674EC931}.Debug|x86.Build.0 = Debug|Win32
		{A5290C6A-3205-4EB9-B0F7-BADC674EC931}.Release|x64.ActiveCfg = Release|x64
		{A5290C6A-3205-4EB9-B0F7-BADC674EC931}.Release|x64.Build.0 = Release|x64
		{A5290C6A-3205-4EB9-B0F7-BADC674EC931}.Release|x86.ActiveCfg = Release|Win32
		{A5290C6A-3205-4EB9-B0F7-BADC674EC931}.Release|x86.Build.0 = Release|Win32
		{FE948910-5F7F-4ABE-A85C-281BFE4053F5}.Debug|x64.ActiveCfg = Debug|x64
		{FE948910-5F7F-4ABE-A85C-281BFE4053F5}.Debug|x64.Build.0 = Debug|x64
		{FE948910-5F7F-4ABE-A85C-281BFE4053F5}.Debug|x86.ActiveCfg = Debug|Win32
		{FE948910-5F7F-4ABE-A85C-281BFE4053F5}.Debug|x86.Build.0 = Debug|Win32
		{FE948910-5F7F-4ABE-A85C-281BFE4053F5}.Release|x64.ActiveCfg = Release|x64
		{FE948910-5F7F-4ABE-A85C-281BFE4053F5}.Release|x64.Build.0 = Release|x64
		{FE948910-5F7F-4ABE-A85C-281BFE4053F5}.Release|x86.ActiveCfg = Release|Win32
		{FE948910-5F7F-4ABE-A85C-281BFE4053F5}.Release|x86.Build.0 = Release|Win32
		{A43E7333-870E-4257-9350-EA90B82DEC03}.Debug|x64.ActiveCfg = Debug|x64
		{A43E7333-870E-4257-9350-EA90B82DEC03}.Debug|x64.Build.0 = Debug|x64
		{A43E7333-870E-4257-9350-EA90B82DEC03}.Debug|x86.ActiveCfg = Debug|Win32
		{A43E7333-870E-4257-9350-EA90B82DEC03}.Debug|x86.Build.0 = Debug|Win32
		{A43E7333-870E-4257-9350-EA90B82DEC03}.Release|x64.ActiveCfg = Release|x64
		{A43E7333-870E-4257-9350-EA90B82DEC03}.Release|x64.Build.0 = Release|x64
		{A43E7333-870E-4257-9350-EA90B82DEC03}.Release|x86.ActiveCfg = Release|Win32
		{A43E7333-870E-4257-9350-EA90B82DEC03}.Release|x86.Build.0 = Release|Win32
		{E774994C-6D19-4CC7-946F-EA98C1F00264}.Debug|x64.ActiveCfg = Debug|x64
		{E774994C-6D19-4CC7-946F-EA98C1F00264}.Debug|x64.Build.0 = Debug|x64
		{E774994C-6D19-4CC7-946F-EA98C1F00264}.Debug|x86.ActiveCfg = Debug|Win32
		{E774994C-6D19-4CC7-946F-EA98C1F00264}.Debug|x86.Build.0 = Debug|Win32
		{E774994C-6D19-4CC7-946F-EA98C1F00264}.Release|x64.ActiveCfg = Release|x64
		{E774994C-6D19-4CC7-946F-EA98C1F00264}.Release|x64.Build.0 = Release|x64
		{E774994C-6D19-4CC7-946F-EA98C1F00264}.Release|x86.ActiveCfg = Release|Win32
		{E774994C-6D19-4CC7-946F-EA98C1F00264}.Release|x86.Build.0 = Release|Win32
		{CB25CAFF-920B-4CC2-BF92-D5CCB7833159}.Debug|x64.ActiveCfg = Debug|x64
		{CB25CAFF-920B-4CC2-BF92-D5CCB7833159}.Debug|x64.Build.0 = Debug|x64
		{CB25CAFF-920B-4CC2-BF92-D5CCB7833159}.Debug|x86.ActiveCfg = Debug|Win32
		{CB25CAFF-920B-4CC2-BF92-D5CCB7833159}.Debug|x86.Build.0 = Debug|Win32
		{CB25CAFF-920B-4CC2-BF92-D5CCB7833159}.Release|x64.ActiveCfg = Release|x64
		{CB25CAFF-920B-4CC2-BF92-D5CCB7833159}.Release|x64.Build.0 = Release|x64
		{CB25CAFF-920B-4CC2-BF92-D5CCB7833159}.Release|x86.ActiveCfg = Release|Win32
		{CB25CAFF-920B-4CC2-BF92-D5CCB7833159}.Release|x86.Build.0 = Release|Win32
		{4F388C6E-30FE-4CF7-8843-DF3DE7057A83}.Debug|x64.ActiveCfg = Debug|x64
		{4F388C6E-30FE-4CF7-8843-DF3DE7057A83}.Debug|x64.Build.0 = Debug|x64
		{4F388C6E-30FE-4CF7-8843-DF3DE7057A83}.Debug|x86.ActiveCfg = Debug|Win32
		{4F388C6E-30FE-4CF7-8843-DF3DE7057A83}.Debug|x86.Build.0 = Debug|Win32
		{4F388C6E-30FE-4CF7-8843-DF3DE7057A83}.Release|x64.ActiveCfg = Release|x64
		{4F388C6E-30FE-4CF7-8843-DF3DE7057A83}.Release|x64.Build.0 = Release|x64
		{4F388C6E-30FE-4CF7-8843-DF3DE7057A83}.Release|x86.ActiveCfg = Release|Win32
		{4F388C6E-30FE-4CF7-8843-DF3DE7057A83}.Release|x86.Build.0 = Release|Win32
		{451FD126-2948-4328-BEB5-156218A944C2}.Debug|x64.ActiveCfg = Debug|x64
		{451FD126-2948-4328-BEB5-156218A944C2}.Debug|x64.Build.0 = Debug|x64
		{451FD126-2948-4328-BEB5-156218A944C2}.Debug|x86.ActiveCfg = Debug|Win32
		{451FD126-2948-4328-BEB5-156218A944C2}.Debug|x86.Build.0 = Debug|Win32
		{451FD126-2948-4328-BEB5-156218A944C2}.Release|x64.ActiveCfg = Release|x64
		{451FD126-2948-4328-BEB5-156218A944C2}.Release|x64.Build.0 = Release|x64
		{451FD126-2948-4328-BEB5-156218A944C2}.Release|x86.ActiveCfg = Release|Win32
		{451FD126-2948-4328-BEB5-156218A944C2}.Release|x86.Build.0 = Release|Win32
		{2137554A-2C07-4D35-A6D9-EE787922FF3E}.Debug|x64.ActiveCfg = Debug|x64
		{2137554A-2C07-4D35-A6D9-EE787922FF3E}.Debug|x64.Build.0 = Debug|x64
		{2137554A-2C07-4D35-A6D9-EE787922FF3E}.Debug|x86.ActiveCfg = Debug|Win32
		{2137554A-2C07-4D35-A6D9-EE787922FF3E}.Debug|x86.Build.0 = Debug|Win32
		{2137554A-2C07-4D35-A6D9-EE787922FF3E}.Release|x64.ActiveCfg = Release|x64
		{2137554A-2C07-4D35-A6D9-EE787922FF3E}.Release|x64.Build.0 = Release|x64
		{2137554A-2C07-4D35-A6D9-EE787922FF3E}.Release|x86.ActiveCfg = Release|Win32
		{2137554A-2C07-4D35-A6D9-EE787922FF3E}.Release|x86.Build.0 = Release|Win32
		{AEDBF526-009E-4DA8-A084-93F34AA11D26}.Debug|x64.ActiveCfg = Debug|x64
		{AEDBF526-009E-4DA8-A084-93F34AA11D26}.Debug|x64.Build.0 = Debug|x64
		{AEDBF526-009E-4DA8-A084-93F34AA11D26}.Debug|x86.ActiveCfg = Debug|Win32
		{AEDBF526-009E-4DA8-A084-93F34AA11D26}.Debug|x86.Build.0 = Debug|Win32
		{AEDBF526-009E-4DA8-A084-93F34AA11D26}.Release|x64.ActiveCfg = Release|x64
		{AEDBF526-009E-4DA8-A084-93F34AA11D26}.Release|x64.Build.0 = Release|x64
		{AEDBF526-009E-4DA8-A084-93F34AA11D26}.Release|x86.ActiveCfg = Release|Win32
		{AEDBF526-009E-4DA8-A084-93F34AA11D26}.Release|x86.Build.0 = Release|Win32
		{02A32237-0499-4EB7-895D-2040A2826947}.Debug|x64.ActiveCfg = Debug|x64
		{02A32237-0499-4EB7-895D-2040A2826947}.Debug|x64.Build.0 = Debug|x64
		{02A32237-0499-4EB7-895D-2040A2826947}.Debug|x86.ActiveCfg = Debug|Win32
		{02A32237-0499-4EB7-895D-2040A2826947}.Debug|x86.Build.0 = Debug|Win32
		{02A32237-0499-4EB7-895D-2040A2826947}.Release|x64.ActiveCfg = Release|x64
		{02A32237-0499-4EB7-895D-2040A2826947}.Release|x64.Build.0 = Release|x64
		{02A32237-0499-4EB7-895D-2040A2826947}.Release|x86.ActiveCfg = Release|Win32
		{02A32237-0499-4EB7-895D-2040A2826947}.Release|x86.Build.0 = Release|Win32
		{59790393-AFD3-43B9-9392-0140239FA283}.Debug|x64.ActiveCfg = Debug|x64
		{59790393-AFD3-43B9-9392-0140239FA283}.Debug|x64.Build.0 = Debug|x64
		{59790393-AFD3-43B9-9392-0140239FA283}.Debug|x86.ActiveCfg = Debug|Win32
		{59790393-AFD3-43B9-9392-0140239FA283}.Debug|x86.Build.0 = Debug|Win32
		{59790393-AFD3-43B9-9392-0140239FA283}.Release|x64.ActiveCfg = Release|x64
		{59790393-AFD3-43B9-9392-0140239FA283}.Release|x64.Build.0 = Release|x64
		{59790393-AFD3-43B9-9392-0140239FA283}.Release|x86.ActiveCfg = Release|Win32
		{59790393-AFD3-43B9-9392-0140239FA283}.Release|x86.Build.0 = Release|Win32
		{82143BC6-48E6-4D78-8F0B-2B27FABE5353}.Debug|x64.ActiveCfg = Debug|x64
		{82143BC6-48E6-4D78-8F0B-2B27FABE5353}.Debug|x64.Build.0 = Debug|x64
		{82143BC6-48E6-4D78-8F0B-2B27FABE5353}.Debug|x86.ActiveCfg = Debug|Win32
		{82143BC6-48E6-4D78-8F0B-2B27FABE5353}.Debug|x86.Build.0 = Debug|Win32
		{82143BC6-48E6-4D78-8F0B-2B27FABE5353}.Release|x64.ActiveCfg = Release|x64
		{82143BC6-48E6-4D78-8F0B-2B27FABE5353}.Release|x64.Build.0 = Release|x64
		{82143BC6-48E6-4D78-8F0B-2B27FABE5353}.Release|x86.ActiveCfg = Release|Win32
		{82143BC6-48E6-4D78-8F0B-2B27FABE5353}.Release|x86.Build.0 = Release|Win32
		{431CE643-359F-4E00-82FA-37340223E4A6}.Debug|x64.ActiveCfg = Debug|x64
		{431CE643-359F-4E00-82FA-37340223E4A6}.Debug|x64.Build.0 = Debug|x64
		{431CE643-359F-4E00-82FA-37340223E4A6}.Debug|x86.ActiveCfg = Debug|Win32
		{431CE643-359F-4E00-82FA-37340223E4A6}.Debug|x86.Build.0 = Debug|Win32
		{431CE643-359F-4E00-82FA-37340223E4A6}.Release|x64.ActiveCfg = Release|x64
		{431CE643-359F-4E00-82FA-37340223E4A6}.Release|x64.Build.0 = Release|x64
		{431CE643-359F-4E00-82FA-37340223E4A6}.Release|x86.ActiveCfg = Release|Win32
		{431CE643-359F-4E00-82FA-37340223E4A6}.Release|x86.Build.0 = Release|Win32
		{A3AE9C85-3501-4827-A3D3-88B1A0B85A7B}.Debug|x64.ActiveCfg = Debug|x64
		{A3AE9C85-3501-4827-A3D3-88B1A0B85A7B}.Debug|x64.Build.0 = Debug|x64
		{A3AE9C85-3501-4827-A3D3-88B1A0B85A7B}.Debug|x86.ActiveCfg = Debug|Win32
		{A3AE9C85-3501-4827-A3D3-88B1A0B85A7B}.Debug|x86.Build.0 = Debug|Win32
		{A3AE9C85-3501-4827-A3D3-88B1A0B85A7B}.Release|x64.ActiveCfg = Release|x64
		{A3AE9C85-3501-4827-A3D3-88B1A0B85A7B}.Release|x64.Build.0 = Release|x64
		{A3AE9C85-3501-4827-A3D3-88B1A0B85A7B}.Release|x86.ActiveCfg = Release|Win32
		{A3AE9C85-3501-4827-A3D3-88B1A0B85A7B}.Release|x86.Build.0 = Release|Win32
		{D8E15AB2-8F81-4CDF-B5EA-BE73D3A75FD6}.Debug|x64.ActiveCfg = Debug|x64
		{D8E15AB2-8F81-4CDF-B5EA-BE73D3A75FD6}.Debug|x64.Build.0 = Debug|x64
		{D8E15AB2-8F81-4CDF-B5EA-BE73D3A75FD6}.Debug|x86.ActiveCfg = Debug|Win32
		{D8E15AB2-8F81-4CDF-B5EA-BE73D3A75FD6}.Debug|x86.Build.0 = Debug|Win32
		{D8E15AB2-8F81-4CDF-B5EA-BE73D3A75FD6}.Release|x64.ActiveCfg = Release|x64
		{D8E15AB2-8F81-4CDF-B5EA-BE73D3A75FD6}.Release|x64.Build.0 = Release|x64
		{D8E15AB2-8F81-4CDF-B5EA-BE73D3A75FD6}.Release|x86.ActiveCfg = Release|Win32
		{D8E15AB2-8F81-4CDF-B5EA-BE73D3A75FD6}.Release|x86.Build.0 = Release|Win32
		{0FD58DDB-9DCF-4D6D-8138-FEC540D54791}.Debug|x64.ActiveCfg = Debug|x64
		{0FD58DDB-9DCF-4D6D-8138-FEC540D54791}.Debug|x64.Build.0 = Debug|x64
		{0FD58DDB-9DCF-4D6D-8138-FEC540D54791}.Debug|x86.ActiveCfg = Debug|Win32
		{0FD58DDB-9DCF-4D6D-8138-FEC540D54791}.Debug|x86.Build.0 = Debug|Win32
		{0FD58DDB-9DCF-4D6D-8138-FEC540D54791}.Release|x64.ActiveCfg = Release|x64
		{0FD58DDB-9DCF-4D6D-8138-FEC540D54791}.Release|x64.Build.0 = Release|x64
		{0FD58DDB-9DCF-4D6D-8138-FEC540D54791}.Release|x86.ActiveCfg = Release|Win32
		{0FD58DDB-9DCF-4D6D-8138-FEC540D54791}.Release|x86.Build.0 = Release|Win32
		{2C7BA16C-9AFD-4CB6-9CEA-63D148C6B93D}.Debug|x64.ActiveCfg = Debug|x64
		{2C7BA16C-9AFD-4CB6-9CEA-63D148C6B93D}.Debug|x64.Build.0 = Debug|x64
		{2C7BA16C-9AFD-4CB6-9CEA-63D148C6B93D}.Debug|x86.ActiveCfg = Debug|Win32
		{2C7BA16C-9AFD-4CB6-9CEA-63D148C6B93D}.Debug|x86.Build.0 = Debug|Win32
		{2C7BA16C-9AFD-4CB6-9CEA-63D148C6B93D}.Release|x64.ActiveCfg = Release|x64
		{2C7BA16C-9AFD-4CB6-9CEA-63D148C6B93D}.Release|x64.Build.0 = Release|x64
		{2C7BA16C-9AFD-4CB6-9CEA-63D148C6B93D}.Release|x86.ActiveCfg = Release|Win32
		{2C7BA16C-9AFD-4CB6-9CEA-63D148C6B93D}.Release|x86.Build.0 = Release|Win32
		{3A05C3CD-C8E0-40F4-80A5-B22E3AB088AC}.Debug|x64.ActiveCfg = Debug|x64
		{3A05C3CD-C8E0-40F4-80A5-B22E3AB088AC}.Debug|x64.Build.0 = Debug|x64
		{3A05C3CD-C8E0-40F4-80A5-B22E3AB088AC}.Debug|x86.ActiveCfg = Debug|Win32
		{3A05C3CD-C8E0-40F4-80A5-B22E3AB088AC}.Debug|x86.Build.0 = Debug|Win32
		{3A05C3CD-C8E0-40F4-80A5-B22E3AB088AC}.Release|x64.ActiveCfg = Release|x64
		{3A05C3CD-C8E0-40F4-80A5-B22E3AB088AC}.Release|x64.Build.0 = Release|x64
		{3A05C3CD-C8E0-40F4-80A5-B22E3AB088AC}.Release|x86.ActiveCfg = Release|Win32
		{3A05C3CD-C8E0-40F4-80A5-B22E3AB088AC}.Release|x86.Build.0 = Release|Win32
		{641D3F1E-3295-4159-B22D-375AC7DF3502}.Debug|x64.ActiveCfg = Debug|x64
		{641D3F1E-3295-4159-B22D-375AC7DF3502}.Debug|x64.Build.0 = Debug|x64
		{641D3F1E-3295-4159-B22D-375AC7DF3502}.Debug|x86.ActiveCfg = Debug|Win32
		{641D3F1E-3295-4159-B22D-375AC7DF3502}.Debug|x86.Build.0 = Debug|Win32
		{641D3F1E-3295-4159-B22D-375AC7DF3502}.Release|x64.ActiveCfg = Release|x64
		{641D3F1E-3295-4159-B22D-375AC7DF3502}.Release|x64.Build.0 = Release|x64
		{641D3F1E-3295-4159-B22D-375AC7DF3502}.Release|x86.ActiveCfg = Release|Win32
		{641D3F1E-3295-4159-B22D-375AC7DF3502}.Release|x86.Build.0 = Release|Win32
		{3B66CD9C-940D-46CD-B8E6-CFE88EB2EA58}.Debug|x64.ActiveCfg = Debug|x64
		{3B66CD9C-940D-46CD-B8E6-CFE88EB2EA58}.Debug|x64.Build.0 = Debug|x64
		{3B66CD9C-940D-46CD-B8E6-CFE88EB2EA58}.Debug|x86.ActiveCfg = Debug|Win32
		{3B66CD9C-940D-46CD-B8E6-CFE88EB2EA58}.Debug|x86.Build.0 = Debug|Win32
		{3B66CD9C-940D-46CD-B8E6-CFE88EB2EA58}.Release|x64.ActiveCfg = Release|x64
		{3B66CD9C-940D-46CD-B8E6-CFE88EB2EA58}.Release|x64.Build.0 = Release|x64
		{3B66CD9C-940D-46CD-B8E6-CFE88EB2EA58}.Release|x86.ActiveCfg = Release|Win32
		{3B66CD9C-940D-46CD-B8E6-CFE88EB2EA58}.Release|x86.Build.0 = Release|Win32
		{D7C153BD-E6DF-427B-B2C3-766D59318376}.Debug|x64.ActiveCfg = Debug|x64
		{D7C153BD-E6DF-427B-B2C3-766D59318376}.Debug|x64.Build.0 = Debug|x64
		{D7C153BD-E6DF-427B-B2C3-766D59318376}.Debug|x86.ActiveCfg = Debug|Win32
		{D7C153BD-E6DF-427B-B2C3-766D59318376}.Debug|x86.Build.0 = Debug|Win32
		{D7C153BD-E6DF-427B-B2C3-766D59318376}.Release|x64.ActiveCfg = Release|x64
		{D7C153BD-E6DF-427B-B2C3-766D59318376}.Release|x64.Build.0 = Release|x64
		{D7C153BD-E6DF-427B-B2C3-766D59318376}.Release|x86.ActiveCfg = Release|Win32
		{D7C153BD-E6DF-427B-B2C3-766D59318376}.Release|x86.Build.0 = Release|Win32
		{AB6A97B1-8C2B-42AD-A4A6-697A04EC1B13}.Debug|x64.ActiveCfg = Debug|x64
		{AB6A97B1-8C2B-42AD-A4A6-697A04EC1B13}.Debug|x64.Build.0 = Debug|x64
		{AB6A97B1-8C2B-42AD-A4A6-697A04EC1B13}.Debug|x86.ActiveCfg = Debug|Win32
		{AB6A97B1-8C2B-42AD-A4A6-697A04EC1B13}.Debug|x86.Build.0 = Debug|Win32
		{AB6A97B1-8C2B-42AD-A4A6-697A04EC1B13}.Release|x64.ActiveCfg = Release|x64
		{AB6A97B1-8C2B-42AD-A4A6-697A04EC1B13}.Release|x64.Build.0 = Release|x64
		{AB6A97B1-8C2B-42AD-A4A6-697A04EC1B13}.Release|x86.ActiveCfg = Release|Win32
		{AB6A97B1-8C2B-42AD-A4A6-697A04EC1B13}.Release|x86.Build.0 = Release|Win32
		{8659F80C-95FB-4FAC-9B26-AB49034C369B}.Debug|x64.ActiveCfg = Debug|x64
		{8659F80C-95FB-4FAC-9B26-AB49034C369B}.Debug|x64.Build.0 = Debug|x64
		{8659F80C-95FB-4FAC-9B26-AB49034C369B}.Debug|x86.ActiveCfg = Debug|Win32
		{8659F80C-95FB-4FAC-9B26-AB49034C369B}.Debug|x86.Build.0 = Debug|Win32
		{8659F80C-95FB-4FAC-9B26-AB49034C369B}.Release|x64.ActiveCfg = Release|x64
		{8659F80C-95FB-4FAC-9B26-AB49034C369B}.Release|x64.Build.0 = Release|x64
		{8659F80C-95FB-4FAC-9B26-AB49034C369B}.Release|x86.ActiveCfg = Release|Win32
		{8659F80C-95FB-4FAC-9B26-AB49034C369B}.Release|x86.Build.0 = Release|Win32
		{9E284001-52E8-4098-8947-8A5D9DE61A8F}.Debug|x64.ActiveCfg = Debug|x64
		{9E284001-52E8-4098-8947-8A5D9DE61A8F}.Debug|x64.Build.0 = Debug|x64
		{9E284001-52E8-4098-8947-8A5D9DE61A8F}.Debug|x86.ActiveCfg = Debug|Win32
		{9E284001-52E8-4098-8947-8A5D9DE61A8F}.Debug|x86.Build.0 = Debug|Win32
		{9E284001-52E8-4098-8947-8A5D9DE61A8F}.Release|x64.ActiveCfg = Release|x64
		{9E284001-52E8-4098-8947-8A5D9DE61A8F}.Release|x64.Build.0 = Release|x64
		{9E284001-52E8-4098-8947-8A5D9DE61A8F}.Release|x86.ActiveCfg = Release|Win32
		{9E284001-52E8-4098-8947-8A5D9DE61A8F}.Release|x86.Build.0 = Release|Win32
		{73F5F5AA-B520-4253-A26E-62D3E139B12C}.Debug|x64.ActiveCfg = Debug|x64
		{73F5F5AA-B520-4253-A26E-62D3E139B12C}.Debug|x64.Build.0 = Debug|x64
		{73F5F5AA-B520-4253-A26E-62D3E139B12C}.Debug|x86.ActiveCfg = Debug|Win32
		{73F5F5AA-B520-4253-A26E-62D3E139B12C}.Debug|x86.Build.0 = Debug|Win32
		{73F5F5AA-B520-4253-A26E-62D3E139B12C}.Release|x64.ActiveCfg = Release|x64
		{73F5F5AA-B520-4253-A26E-62D3E139B12C}.Release|x64.Build.0 = Release|x64
		{73F5F5AA-B520-4253-A26E-62D3E139B12C}.Release|x86.ActiveCfg = Release|Win32
		{73F5F5AA-B520-4253-A26E-62D3E139B12C}.Release|x86.Build.0 = Release|Win32
		{D81B5B39-E0C1-4327-AF4F-236D22E91A8A}.Debug|x64.ActiveCfg = Debug|x64
		{D81B5B39-E0C1-4327-AF4F-236D22E91A8A}.Debug|x64.Build.0 = Debug|x64
		{D81B5B39-E0C1-4327-AF4F-236D22E91A8A}.Debug|x86.ActiveCfg = Debug|Win32
		{D81B5B39-E0C1-4327-AF4F-236D22E91A8A}.Debug|x86.Build.0 = Debug|Win32
		{D81B5B39-E0C1-4327-AF4F-236D22E91A8A}.Release|x64.ActiveCfg = Release|x64
		{D81B5B39-E0C1-4327-AF4F-236D22E91A8A}.Release|x64.Build.0 = Release|x64
		{D81B5B39-E0C1-4327-AF4F-236D22E91A8A}.Release|x86.ActiveCfg = Release|Win32
		{D81B5B39-E0C1-4327-AF4F-236D22E91A8A}.Release|x86.Build.0 = Release|Win32
		{D0E11530-B94E-42DC-A5FA-D4982AF6A442}.Debug|x64.ActiveCfg = Debug|x64
		{D0E11530-B94E-42DC-A5FA-D4982AF6A442}.Debug|x64.Build.0 = Debug|x64
		{D0E11530-B94E-42DC-A5FA-D4982AF6A442}.Debug|x86.ActiveCfg = Debug|Win32
		{D0E11530-B94E-42DC-A5FA-D4982AF6A442}.Debug|x86.Build.0 = Debug|Win32
		{D0E11530-B94E-42DC-A5FA-D4982AF6A442}.Release|x64.ActiveCfg = Release|x64
		{D0E11530-B94E-42DC-A5FA-D4982AF6A442}.Release|x64.Build.0 = Release|x64
		{D0E11530-B94E-42DC-A5FA-D4982AF6A442}.Release|x86.ActiveCfg = Release|Win32
		{D0E11530-B94E-42DC-A5FA-D4982AF6A442}.Release|x86.Build.0 = Release|Win32
		{436FCC82-B48F-4001-85B9-CDB4ACD6018E}.Debug|x64.ActiveCfg = Debug|x64
		{436FCC82-B48F-4001-85B9-CDB4ACD6018E}.Debug|x64.Build.0 = Debug|x64
		{436FCC82-B48F-4001-85B9-CDB4ACD6018E}.Debug|x86.ActiveCfg = Debug|Win32
		{436FCC82-B48F-4001-85B9-CDB4ACD6018E}.Debug|x86.Build.0 = Debug|Win32
		{436FCC82-B48F-4001-85B9-CDB4ACD6018E}.Release|x64.ActiveCfg = Release|x64
		{436FCC82-B48F-4001-85B9-CDB4ACD6018E}.Release|x64.Build.0 = Release|x64
		{436FCC82-B48F-4001-85B9-CDB4ACD6018E}.Release|x86.ActiveCfg = Release|Win32
		{436FCC82-B48F-4001-85B9-CDB4ACD6018E}.Release|x86.Build.0 = Release|Win32
	EndGlobalSection
	GlobalSection(SolutionProperties) = preSolution
		HideSolutionNode = FALSE
	EndGlobalSection
	GlobalSection(ExtensibilityGlobals) = postSolution
		SolutionGuid = {2E766C3F-E6D4-48FA-9094-31574BD076FD}
	EndGlobalSection
EndGlobal
